
Microsoft Visual Studio Solution File, Format Version 12.00
# Visual Studio 15
VisualStudioVersion = 15.0.28307.329
MinimumVisualStudioVersion = 10.0.40219.1
Project("{FAE04EC0-301F-11D3-BF4B-00C04F79EFBC}") = "HairDesigner.Dll", "HandAndFoot.Dll\HairDesigner.Dll.csproj", "{253B575A-4935-47E5-BCC0-DC425F4B31FE}"
EndProject
Project("{FAE04EC0-301F-11D3-BF4B-00C04F79EFBC}") = "HairDesigner.Form", "KuaforSalonForm\HairDesigner.Form.csproj", "{DCD34E68-D0ED-47F3-BF71-5168958FAFF0}"
EndProject
Project("{FAE04EC0-301F-11D3-BF4B-00C04F79EFBC}") = "Mutable_Immutable", "Mutable_Immutable\Mutable_Immutable.csproj", "{263CB25D-4598-4D01-A649-8495B5C651C3}"
EndProject
Global
	GlobalSection(SolutionConfigurationPlatforms) = preSolution
		Debug|Any CPU = Debug|Any CPU
		Release|Any CPU = Release|Any CPU
	EndGlobalSection
	GlobalSection(ProjectConfigurationPlatforms) = postSolution
		{253B575A-4935-47E5-BCC0-DC425F4B31FE}.Debug|Any CPU.ActiveCfg = Debug|Any CPU
		{253B575A-4935-47E5-BCC0-DC425F4B31FE}.Debug|Any CPU.Build.0 = Debug|Any CPU
		{253B575A-4935-47E5-BCC0-DC425F4B31FE}.Release|Any CPU.ActiveCfg = Release|Any CPU
		{253B575A-4935-47E5-BCC0-DC425F4B31FE}.Release|Any CPU.Build.0 = Release|Any CPU
		{DCD34E68-D0ED-47F3-BF71-5168958FAFF0}.Debug|Any CPU.ActiveCfg = Debug|Any CPU
		{DCD34E68-D0ED-47F3-BF71-5168958FAFF0}.Debug|Any CPU.Build.0 = Debug|Any CPU
		{DCD34E68-D0ED-47F3-BF71-5168958FAFF0}.Release|Any CPU.ActiveCfg = Release|Any CPU
		{DCD34E68-D0ED-47F3-BF71-5168958FAFF0}.Release|Any CPU.Build.0 = Release|Any CPU
		{263CB25D-4598-4D01-A649-8495B5C651C3}.Debug|Any CPU.ActiveCfg = Debug|Any CPU
		{263CB25D-4598-4D01-A649-8495B5C651C3}.Debug|Any CPU.Build.0 = Debug|Any CPU
		{263CB25D-4598-4D01-A649-8495B5C651C3}.Release|Any CPU.ActiveCfg = Release|Any CPU
		{263CB25D-4598-4D01-A649-8495B5C651C3}.Release|Any CPU.Build.0 = Release|Any CPU
	EndGlobalSection
	GlobalSection(SolutionProperties) = preSolution
		HideSolutionNode = FALSE
	EndGlobalSection
	GlobalSection(ExtensibilityGlobals) = postSolution
		SolutionGuid = {22B0B3C7-A0E0-41CE-B655-E90C5942EAE3}
	EndGlobalSection
EndGlobal
